
Microsoft Visual Studio Solution File, Format Version 12.00
# Visual Studio Version 16
VisualStudioVersion = 16.0.30523.141
MinimumVisualStudioVersion = 10.0.40219.1
Project("{FAE04EC0-301F-11D3-BF4B-00C04F79EFBC}") = "FoxTruck", "FoxTruck\FoxTruck.csproj", "{6B7AD1AB-4B09-4D92-919D-E0C604DBA19C}"
EndProject
Global
	GlobalSection(SolutionConfigurationPlatforms) = preSolution
		Debug|Any CPU = Debug|Any CPU
		Release|Any CPU = Release|Any CPU
	EndGlobalSection
	GlobalSection(ProjectConfigurationPlatforms) = postSolution
		{6B7AD1AB-4B09-4D92-919D-E0C604DBA19C}.Debug|Any CPU.ActiveCfg = Debug|Any CPU
		{6B7AD1AB-4B09-4D92-919D-E0C604DBA19C}.Debug|Any CPU.Build.0 = Debug|Any CPU
		{6B7AD1AB-4B09-4D92-919D-E0C604DBA19C}.Release|Any CPU.ActiveCfg = Release|Any CPU
		{6B7AD1AB-4B09-4D92-919D-E0C604DBA19C}.Release|Any CPU.Build.0 = Release|Any CPU
	EndGlobalSection
	GlobalSection(SolutionProperties) = preSolution
		HideSolutionNode = FALSE
	EndGlobalSection
	GlobalSection(ExtensibilityGlobals) = postSolution
		SolutionGuid = {61D5D1CD-D823-4109-A2CF-A410BB4A0FB2}
	EndGlobalSection
EndGlobal
